PODS:
  - iONess (1.2.4)
  - Nimble (9.0.0)
  - Quick (3.0.0)

DEPENDENCIES:
  - iONess (from `../`)
  - Nimble (~> 9.0.0)
  - Quick (~> 3.0.0)

SPEC REPOS:
  trunk:
    - Nimble
    - Quick

EXTERNAL SOURCES:
  iONess:
    :path: "../"

SPEC CHECKSUMS:
  iONess: 9e06bc3f82ae1cdb9dc58c8854b2181c1f637f27
  Nimble: 3b4ec3fd40f1dc178058e0981107721c615643d8
  Quick: 6d9559f40647bc4d510103842ef2fdd882d753e2

PODFILE CHECKSUM: 8144533663cf8b140228454000f3f11dde5ede15

COCOAPODS: 1.10.1
